<?xml version="1.0" encoding="UTF-8"?>
<!DOCTYPE plist PUBLIC "-//Apple//DTD PLIST 1.0//EN" "http://www.apple.com/DTDs/PropertyList-1.0.dtd">
<plist version="1.0">
<dict>
	<key>archiveVersion</key>
	<string>1</string>
	<key>classes</key>
	<dict/>
	<key>objectVersion</key>
	<string>46</string>
	<key>objects</key>
	<dict>
		<key>3424B5E71852206900E9B739</key>
		<dict>
			<key>children</key>
			<array>
				<string>3424B5FB1852206A00E9B739</string>
				<string>3424B6181852206A00E9B739</string>
				<string>3424B5F21852206A00E9B739</string>
				<string>3424B5F11852206A00E9B739</string>
				<string>C04F9E300A564B69AD58676D</string>
			</array>
			<key>isa</key>
			<string>PBXGroup</string>
			<key>sourceTree</key>
			<string>&lt;group&gt;</string>
		</dict>
		<key>3424B5E81852206900E9B739</key>
		<dict>
			<key>attributes</key>
			<dict>
				<key>CLASSPREFIX</key>
				<string>TMB</string>
				<key>LastUpgradeCheck</key>
				<string>0500</string>
				<key>ORGANIZATIONNAME</key>
				<string>Matthew Bischoff</string>
				<key>TargetAttributes</key>
				<dict>
					<key>3424B60F1852206A00E9B739</key>
					<dict>
						<key>TestTargetID</key>
						<string>3424B5EF1852206900E9B739</string>
					</dict>
				</dict>
			</dict>
			<key>buildConfigurationList</key>
			<string>3424B5EB1852206900E9B739</string>
			<key>compatibilityVersion</key>
			<string>Xcode 3.2</string>
			<key>developmentRegion</key>
			<string>English</string>
			<key>hasScannedForEncodings</key>
			<string>0</string>
			<key>isa</key>
			<string>PBXProject</string>
			<key>knownRegions</key>
			<array>
				<string>en</string>
			</array>
			<key>mainGroup</key>
			<string>3424B5E71852206900E9B739</string>
			<key>productRefGroup</key>
			<string>3424B5F11852206A00E9B739</string>
			<key>projectDirPath</key>
			<string></string>
			<key>projectReferences</key>
			<array/>
			<key>projectRoot</key>
			<string></string>
			<key>targets</key>
			<array>
				<string>3424B5EF1852206900E9B739</string>
				<string>3424B60F1852206A00E9B739</string>
			</array>
		</dict>
		<key>3424B5EB1852206900E9B739</key>
		<dict>
			<key>buildConfigurations</key>
			<array>
				<string>3424B6201852206A00E9B739</string>
				<string>3424B6211852206A00E9B739</string>
			</array>
			<key>defaultConfigurationIsVisible</key>
			<string>0</string>
			<key>defaultConfigurationName</key>
			<string>Release</string>
			<key>isa</key>
			<string>XCConfigurationList</string>
		</dict>
		<key>3424B5EC1852206900E9B739</key>
		<dict>
			<key>buildActionMask</key>
			<string>2147483647</string>
			<key>files</key>
			<array>
				<string>3424B6091852206A00E9B739</string>
				<string>3424B6061852206A00E9B739</string>
				<string>3424B6021852206A00E9B739</string>
			</array>
			<key>isa</key>
			<string>PBXSourcesBuildPhase</string>
			<key>runOnlyForDeploymentPostprocessing</key>
			<string>0</string>
		</dict>
		<key>3424B5ED1852206900E9B739</key>
		<dict>
			<key>buildActionMask</key>
			<string>2147483647</string>
			<key>files</key>
			<array>
				<string>3424B5F61852206A00E9B739</string>
				<string>3424B5FA1852206A00E9B739</string>
				<string>3424B5F81852206A00E9B739</string>
				<string>3424B5F41852206A00E9B739</string>
				<string>BFC1BED3E48C403D99D65F82</string>
			</array>
			<key>isa</key>
			<string>PBXFrameworksBuildPhase</string>
			<key>runOnlyForDeploymentPostprocessing</key>
			<string>0</string>
		</dict>
		<key>3424B5EE1852206900E9B739</key>
		<dict>
			<key>buildActionMask</key>
			<string>2147483647</string>
			<key>files</key>
			<array>
				<string>3424B6001852206A00E9B739</string>
				<string>3424B60B1852206A00E9B739</string>
			</array>
			<key>isa</key>
			<string>PBXResourcesBuildPhase</string>
			<key>runOnlyForDeploymentPostprocessing</key>
			<string>0</string>
		</dict>
		<key>3424B5EF1852206900E9B739</key>
		<dict>
			<key>buildConfigurationList</key>
			<string>3424B6221852206A00E9B739</string>
			<key>buildPhases</key>
			<array>
				<string>FBC3B1EFE7F74D77A6A4FAAC</string>
				<string>3424B5EC1852206900E9B739</string>
				<string>3424B5ED1852206900E9B739</string>
				<string>3424B5EE1852206900E9B739</string>
				<string>A65E1E632B1F4039846D33C7</string>
			</array>
			<key>buildRules</key>
			<array/>
			<key>dependencies</key>
			<array/>
			<key>isa</key>
			<string>PBXNativeTarget</string>
			<key>name</key>
			<string>Tumblrbot</string>
			<key>productName</key>
			<string>Tumblrbot</string>
			<key>productReference</key>
			<string>3424B5F01852206A00E9B739</string>
			<key>productType</key>
			<string>com.apple.product-type.application</string>
		</dict>
		<key>3424B5F01852206A00E9B739</key>
		<dict>
			<key>explicitFileType</key>
			<string>wrapper.application</string>
			<key>includeInIndex</key>
			<string>0</string>
			<key>isa</key>
			<string>PBXFileReference</string>
			<key>path</key>
			<string>Tumblrbot.app</string>
			<key>sourceTree</key>
			<string>BUILT_PRODUCTS_DIR</string>
		</dict>
		<key>3424B5F11852206A00E9B739</key>
		<dict>
			<key>children</key>
			<array>
				<string>3424B5F01852206A00E9B739</string>
				<string>3424B6101852206A00E9B739</string>
			</array>
			<key>isa</key>
			<string>PBXGroup</string>
			<key>name</key>
			<string>Products</string>
			<key>sourceTree</key>
			<string>&lt;group&gt;</string>
		</dict>
		<key>3424B5F21852206A00E9B739</key>
		<dict>
			<key>children</key>
			<array>
				<string>3424B5F31852206A00E9B739</string>
				<string>3424B5F51852206A00E9B739</string>
				<string>3424B5F71852206A00E9B739</string>
				<string>3424B5F91852206A00E9B739</string>
				<string>3424B6111852206A00E9B739</string>
				<string>66FB4E89C57845F9BD36ADCA</string>
			</array>
			<key>isa</key>
			<string>PBXGroup</string>
			<key>name</key>
			<string>Frameworks</string>
			<key>sourceTree</key>
			<string>&lt;group&gt;</string>
		</dict>
		<key>3424B5F31852206A00E9B739</key>
		<dict>
			<key>isa</key>
			<string>PBXFileReference</string>
			<key>lastKnownFileType</key>
			<string>wrapper.framework</string>
			<key>name</key>
			<string>Foundation.framework</string>
			<key>path</key>
			<string>System/Library/Frameworks/Foundation.framework</string>
			<key>sourceTree</key>
			<string>SDKROOT</string>
		</dict>
		<key>3424B5F41852206A00E9B739</key>
		<dict>
			<key>fileRef</key>
			<string>3424B5F31852206A00E9B739</string>
			<key>isa</key>
			<string>PBXBuildFile</string>
		</dict>
		<key>3424B5F51852206A00E9B739</key>
		<dict>
			<key>isa</key>
			<string>PBXFileReference</string>
			<key>lastKnownFileType</key>
			<string>wrapper.framework</string>
			<key>name</key>
			<string>CoreGraphics.framework</string>
			<key>path</key>
			<string>System/Library/Frameworks/CoreGraphics.framework</string>
			<key>sourceTree</key>
			<string>SDKROOT</string>
		</dict>
		<key>3424B5F61852206A00E9B739</key>
		<dict>
			<key>fileRef</key>
			<string>3424B5F51852206A00E9B739</string>
			<key>isa</key>
			<string>PBXBuildFile</string>
		</dict>
		<key>3424B5F71852206A00E9B739</key>
		<dict>
			<key>isa</key>
			<string>PBXFileReference</string>
			<key>lastKnownFileType</key>
			<string>wrapper.framework</string>
			<key>name</key>
			<string>UIKit.framework</string>
			<key>path</key>
			<string>System/Library/Frameworks/UIKit.framework</string>
			<key>sourceTree</key>
			<string>SDKROOT</string>
		</dict>
		<key>3424B5F81852206A00E9B739</key>
		<dict>
			<key>fileRef</key>
			<string>3424B5F71852206A00E9B739</string>
			<key>isa</key>
			<string>PBXBuildFile</string>
		</dict>
		<key>3424B5F91852206A00E9B739</key>
		<dict>
			<key>isa</key>
			<string>PBXFileReference</string>
			<key>lastKnownFileType</key>
			<string>wrapper.framework</string>
			<key>name</key>
			<string>CoreData.framework</string>
			<key>path</key>
			<string>System/Library/Frameworks/CoreData.framework</string>
			<key>sourceTree</key>
			<string>SDKROOT</string>
		</dict>
		<key>3424B5FA1852206A00E9B739</key>
		<dict>
			<key>fileRef</key>
			<string>3424B5F91852206A00E9B739</string>
			<key>isa</key>
			<string>PBXBuildFile</string>
		</dict>
		<key>3424B5FB1852206A00E9B739</key>
		<dict>
			<key>children</key>
			<array>
				<string>3424B6041852206A00E9B739</string>
				<string>3424B6051852206A00E9B739</string>
				<string>3424B60A1852206A00E9B739</string>
				<string>3424B6071852206A00E9B739</string>
				<string>3424B5FC1852206A00E9B739</string>
			</array>
			<key>isa</key>
			<string>PBXGroup</string>
			<key>path</key>
			<string>Tumblrbot</string>
			<key>sourceTree</key>
			<string>&lt;group&gt;</string>
		</dict>
		<key>3424B5FC1852206A00E9B739</key>
		<dict>
			<key>children</key>
			<array>
				<string>3424B5FD1852206A00E9B739</string>
				<string>3424B5FE1852206A00E9B739</string>
				<string>3424B6011852206A00E9B739</string>
				<string>3424B6031852206A00E9B739</string>
			</array>
			<key>isa</key>
			<string>PBXGroup</string>
			<key>name</key>
			<string>Supporting Files</string>
			<key>sourceTree</key>
			<string>&lt;group&gt;</string>
		</dict>
		<key>3424B5FD1852206A00E9B739</key>
		<dict>
			<key>isa</key>
			<string>PBXFileReference</string>
			<key>lastKnownFileType</key>
			<string>text.plist.xml</string>
			<key>path</key>
			<string>Tumblrbot-Info.plist</string>
			<key>sourceTree</key>
			<string>&lt;group&gt;</string>
		</dict>
		<key>3424B5FE1852206A00E9B739</key>
		<dict>
			<key>children</key>
			<array>
				<string>3424B5FF1852206A00E9B739</string>
			</array>
			<key>isa</key>
			<string>PBXVariantGroup</string>
			<key>name</key>
			<string>InfoPlist.strings</string>
			<key>sourceTree</key>
			<string>&lt;group&gt;</string>
		</dict>
		<key>3424B5FF1852206A00E9B739</key>
		<dict>
			<key>isa</key>
			<string>PBXFileReference</string>
			<key>lastKnownFileType</key>
			<string>text.plist.strings</string>
			<key>name</key>
			<string>en</string>
			<key>path</key>
			<string>en.lproj/InfoPlist.strings</string>
			<key>sourceTree</key>
			<string>&lt;group&gt;</string>
		</dict>
		<key>3424B6001852206A00E9B739</key>
		<dict>
			<key>fileRef</key>
			<string>3424B5FE1852206A00E9B739</string>
			<key>isa</key>
			<string>PBXBuildFile</string>
		</dict>
		<key>3424B6011852206A00E9B739</key>
		<dict>
			<key>isa</key>
			<string>PBXFileReference</string>
			<key>lastKnownFileType</key>
			<string>sourcecode.c.objc</string>
			<key>path</key>
			<string>main.m</string>
			<key>sourceTree</key>
			<string>&lt;group&gt;</string>
		</dict>
		<key>3424B6021852206A00E9B739</key>
		<dict>
			<key>fileRef</key>
			<string>3424B6011852206A00E9B739</string>
			<key>isa</key>
			<string>PBXBuildFile</string>
		</dict>
		<key>3424B6031852206A00E9B739</key>
		<dict>
			<key>isa</key>
			<string>PBXFileReference</string>
			<key>lastKnownFileType</key>
			<string>sourcecode.c.h</string>
			<key>path</key>
			<string>Tumblrbot-Prefix.pch</string>
			<key>sourceTree</key>
			<string>&lt;group&gt;</string>
		</dict>
		<key>3424B6041852206A00E9B739</key>
		<dict>
			<key>isa</key>
			<string>PBXFileReference</string>
			<key>lastKnownFileType</key>
			<string>sourcecode.c.h</string>
			<key>path</key>
			<string>TMBAppDelegate.h</string>
			<key>sourceTree</key>
			<string>&lt;group&gt;</string>
		</dict>
		<key>3424B6051852206A00E9B739</key>
		<dict>
			<key>isa</key>
			<string>PBXFileReference</string>
			<key>lastKnownFileType</key>
			<string>sourcecode.c.objc</string>
			<key>path</key>
			<string>TMBAppDelegate.m</string>
			<key>sourceTree</key>
			<string>&lt;group&gt;</string>
		</dict>
		<key>3424B6061852206A00E9B739</key>
		<dict>
			<key>fileRef</key>
			<string>3424B6051852206A00E9B739</string>
			<key>isa</key>
			<string>PBXBuildFile</string>
		</dict>
		<key>3424B6071852206A00E9B739</key>
		<dict>
			<key>children</key>
			<array>
				<string>3424B6081852206A00E9B739</string>
			</array>
			<key>currentVersion</key>
			<string>3424B6081852206A00E9B739</string>
			<key>isa</key>
			<string>XCVersionGroup</string>
			<key>path</key>
			<string>Tumblrbot.xcdatamodeld</string>
			<key>sourceTree</key>
			<string>&lt;group&gt;</string>
			<key>versionGroupType</key>
			<string>wrapper.xcdatamodel</string>
		</dict>
		<key>3424B6081852206A00E9B739</key>
		<dict>
			<key>isa</key>
			<string>PBXFileReference</string>
			<key>lastKnownFileType</key>
			<string>wrapper.xcdatamodel</string>
			<key>path</key>
			<string>Tumblrbot.xcdatamodel</string>
			<key>sourceTree</key>
			<string>&lt;group&gt;</string>
		</dict>
		<key>3424B6091852206A00E9B739</key>
		<dict>
			<key>fileRef</key>
			<string>3424B6071852206A00E9B739</string>
			<key>isa</key>
			<string>PBXBuildFile</string>
		</dict>
		<key>3424B60A1852206A00E9B739</key>
		<dict>
			<key>isa</key>
			<string>PBXFileReference</string>
			<key>lastKnownFileType</key>
			<string>folder.assetcatalog</string>
			<key>path</key>
			<string>Images.xcassets</string>
			<key>sourceTree</key>
			<string>&lt;group&gt;</string>
		</dict>
		<key>3424B60B1852206A00E9B739</key>
		<dict>
			<key>fileRef</key>
			<string>3424B60A1852206A00E9B739</string>
			<key>isa</key>
			<string>PBXBuildFile</string>
		</dict>
		<key>3424B60C1852206A00E9B739</key>
		<dict>
			<key>buildActionMask</key>
			<string>2147483647</string>
			<key>files</key>
			<array>
				<string>3424B61F1852206A00E9B739</string>
			</array>
			<key>isa</key>
			<string>PBXSourcesBuildPhase</string>
			<key>runOnlyForDeploymentPostprocessing</key>
			<string>0</string>
		</dict>
		<key>3424B60D1852206A00E9B739</key>
		<dict>
			<key>buildActionMask</key>
			<string>2147483647</string>
			<key>files</key>
			<array>
				<string>3424B6121852206A00E9B739</string>
				<string>3424B6151852206A00E9B739</string>
				<string>3424B6141852206A00E9B739</string>
				<string>3424B6131852206A00E9B739</string>
			</array>
			<key>isa</key>
			<string>PBXFrameworksBuildPhase</string>
			<key>runOnlyForDeploymentPostprocessing</key>
			<string>0</string>
		</dict>
		<key>3424B60E1852206A00E9B739</key>
		<dict>
			<key>buildActionMask</key>
			<string>2147483647</string>
			<key>files</key>
			<array>
				<string>3424B61D1852206A00E9B739</string>
			</array>
			<key>isa</key>
			<string>PBXResourcesBuildPhase</string>
			<key>runOnlyForDeploymentPostprocessing</key>
			<string>0</string>
		</dict>
		<key>3424B60F1852206A00E9B739</key>
		<dict>
			<key>buildConfigurationList</key>
			<string>3424B6251852206A00E9B739</string>
			<key>buildPhases</key>
			<array>
				<string>3424B60C1852206A00E9B739</string>
				<string>3424B60D1852206A00E9B739</string>
				<string>3424B60E1852206A00E9B739</string>
			</array>
			<key>buildRules</key>
			<array/>
			<key>dependencies</key>
			<array>
				<string>3424B6171852206A00E9B739</string>
			</array>
			<key>isa</key>
			<string>PBXNativeTarget</string>
			<key>name</key>
			<string>TumblrbotTests</string>
			<key>productName</key>
			<string>TumblrbotTests</string>
			<key>productReference</key>
			<string>3424B6101852206A00E9B739</string>
			<key>productType</key>
			<string>com.apple.product-type.bundle.unit-test</string>
		</dict>
		<key>3424B6101852206A00E9B739</key>
		<dict>
			<key>explicitFileType</key>
			<string>wrapper.cfbundle</string>
			<key>includeInIndex</key>
			<string>0</string>
			<key>isa</key>
			<string>PBXFileReference</string>
			<key>path</key>
			<string>TumblrbotTests.xctest</string>
			<key>sourceTree</key>
			<string>BUILT_PRODUCTS_DIR</string>
		</dict>
		<key>3424B6111852206A00E9B739</key>
		<dict>
			<key>isa</key>
			<string>PBXFileReference</string>
			<key>lastKnownFileType</key>
			<string>wrapper.framework</string>
			<key>name</key>
			<string>XCTest.framework</string>
			<key>path</key>
			<string>Library/Frameworks/XCTest.framework</string>
			<key>sourceTree</key>
			<string>DEVELOPER_DIR</string>
		</dict>
		<key>3424B6121852206A00E9B739</key>
		<dict>
			<key>fileRef</key>
			<string>3424B6111852206A00E9B739</string>
			<key>isa</key>
			<string>PBXBuildFile</string>
		</dict>
		<key>3424B6131852206A00E9B739</key>
		<dict>
			<key>fileRef</key>
			<string>3424B5F31852206A00E9B739</string>
			<key>isa</key>
			<string>PBXBuildFile</string>
		</dict>
		<key>3424B6141852206A00E9B739</key>
		<dict>
			<key>fileRef</key>
			<string>3424B5F71852206A00E9B739</string>
			<key>isa</key>
			<string>PBXBuildFile</string>
		</dict>
		<key>3424B6151852206A00E9B739</key>
		<dict>
			<key>fileRef</key>
			<string>3424B5F91852206A00E9B739</string>
			<key>isa</key>
			<string>PBXBuildFile</string>
		</dict>
		<key>3424B6161852206A00E9B739</key>
		<dict>
			<key>containerPortal</key>
			<string>3424B5E81852206900E9B739</string>
			<key>isa</key>
			<string>PBXContainerItemProxy</string>
			<key>proxyType</key>
			<string>1</string>
			<key>remoteGlobalIDString</key>
			<string>3424B5EF1852206900E9B739</string>
			<key>remoteInfo</key>
			<string>Tumblrbot</string>
		</dict>
		<key>3424B6171852206A00E9B739</key>
		<dict>
			<key>isa</key>
			<string>PBXTargetDependency</string>
			<key>target</key>
			<string>3424B5EF1852206900E9B739</string>
			<key>targetProxy</key>
			<string>3424B6161852206A00E9B739</string>
		</dict>
		<key>3424B6181852206A00E9B739</key>
		<dict>
			<key>children</key>
			<array>
				<string>3424B61E1852206A00E9B739</string>
				<string>3424B6191852206A00E9B739</string>
			</array>
			<key>isa</key>
			<string>PBXGroup</string>
			<key>path</key>
			<string>TumblrbotTests</string>
			<key>sourceTree</key>
			<string>&lt;group&gt;</string>
		</dict>
		<key>3424B6191852206A00E9B739</key>
		<dict>
			<key>children</key>
			<array>
				<string>3424B61A1852206A00E9B739</string>
				<string>3424B61B1852206A00E9B739</string>
			</array>
			<key>isa</key>
			<string>PBXGroup</string>
			<key>name</key>
			<string>Supporting Files</string>
			<key>sourceTree</key>
			<string>&lt;group&gt;</string>
		</dict>
		<key>3424B61A1852206A00E9B739</key>
		<dict>
			<key>isa</key>
			<string>PBXFileReference</string>
			<key>lastKnownFileType</key>
			<string>text.plist.xml</string>
			<key>path</key>
			<string>TumblrbotTests-Info.plist</string>
			<key>sourceTree</key>
			<string>&lt;group&gt;</string>
		</dict>
		<key>3424B61B1852206A00E9B739</key>
		<dict>
			<key>children</key>
			<array>
				<string>3424B61C1852206A00E9B739</string>
			</array>
			<key>isa</key>
			<string>PBXVariantGroup</string>
			<key>name</key>
			<string>InfoPlist.strings</string>
			<key>sourceTree</key>
			<string>&lt;group&gt;</string>
		</dict>
		<key>3424B61C1852206A00E9B739</key>
		<dict>
			<key>isa</key>
			<string>PBXFileReference</string>
			<key>lastKnownFileType</key>
			<string>text.plist.strings</string>
			<key>name</key>
			<string>en</string>
			<key>path</key>
			<string>en.lproj/InfoPlist.strings</string>
			<key>sourceTree</key>
			<string>&lt;group&gt;</string>
		</dict>
		<key>3424B61D1852206A00E9B739</key>
		<dict>
			<key>fileRef</key>
			<string>3424B61B1852206A00E9B739</string>
			<key>isa</key>
			<string>PBXBuildFile</string>
		</dict>
		<key>3424B61E1852206A00E9B739</key>
		<dict>
			<key>isa</key>
			<string>PBXFileReference</string>
			<key>lastKnownFileType</key>
			<string>sourcecode.c.objc</string>
			<key>path</key>
			<string>TumblrbotTests.m</string>
			<key>sourceTree</key>
			<string>&lt;group&gt;</string>
		</dict>
		<key>3424B61F1852206A00E9B739</key>
		<dict>
			<key>fileRef</key>
			<string>3424B61E1852206A00E9B739</string>
			<key>isa</key>
			<string>PBXBuildFile</string>
		</dict>
		<key>3424B6201852206A00E9B739</key>
		<dict>
			<key>buildSettings</key>
			<dict>
				<key>ALWAYS_SEARCH_USER_PATHS</key>
				<string>NO</string>
				<key>ARCHS</key>
				<string>$(ARCHS_STANDARD_INCLUDING_64_BIT)</string>
				<key>CLANG_CXX_LANGUAGE_STANDARD</key>
				<string>gnu++0x</string>
				<key>CLANG_CXX_LIBRARY</key>
				<string>libc++</string>
				<key>CLANG_ENABLE_MODULES</key>
				<string>YES</string>
				<key>CLANG_ENABLE_OBJC_ARC</key>
				<string>YES</string>
				<key>CLANG_WARN_BOOL_CONVERSION</key>
				<string>YES</string>
				<key>CLANG_WARN_CONSTANT_CONVERSION</key>
				<string>YES</string>
				<key>CLANG_WARN_DIRECT_OBJC_ISA_USAGE</key>
				<string>YES_ERROR</string>
				<key>CLANG_WARN_EMPTY_BODY</key>
				<string>YES</string>
				<key>CLANG_WARN_ENUM_CONVERSION</key>
				<string>YES</string>
				<key>CLANG_WARN_INT_CONVERSION</key>
				<string>YES</string>
				<key>CLANG_WARN_OBJC_ROOT_CLASS</key>
				<string>YES_ERROR</string>
				<key>CLANG_WARN__DUPLICATE_METHOD_MATCH</key>
				<string>YES</string>
				<key>CODE_SIGN_IDENTITY[sdk=iphoneos*]</key>
				<string>iPhone Developer</string>
				<key>COPY_PHASE_STRIP</key>
				<string>NO</string>
				<key>GCC_C_LANGUAGE_STANDARD</key>
				<string>gnu99</string>
				<key>GCC_DYNAMIC_NO_PIC</key>
				<string>NO</string>
				<key>GCC_OPTIMIZATION_LEVEL</key>
				<string>0</string>
				<key>GCC_PREPROCESSOR_DEFINITIONS</key>
				<array>
					<string>DEBUG=1</string>
					<string>$(inherited)</string>
				</array>
				<key>GCC_SYMBOLS_PRIVATE_EXTERN</key>
				<string>NO</string>
				<key>GCC_WARN_64_TO_32_BIT_CONVERSION</key>
				<string>YES</string>
				<key>GCC_WARN_ABOUT_RETURN_TYPE</key>
				<string>YES_ERROR</string>
				<key>GCC_WARN_UNDECLARED_SELECTOR</key>
				<string>YES</string>
				<key>GCC_WARN_UNINITIALIZED_AUTOS</key>
				<string>YES</string>
				<key>GCC_WARN_UNUSED_FUNCTION</key>
				<string>YES</string>
				<key>GCC_WARN_UNUSED_VARIABLE</key>
				<string>YES</string>
				<key>IPHONEOS_DEPLOYMENT_TARGET</key>
				<string>7.0</string>
				<key>ONLY_ACTIVE_ARCH</key>
				<string>YES</string>
				<key>SDKROOT</key>
				<string>iphoneos</string>
			</dict>
			<key>isa</key>
			<string>XCBuildConfiguration</string>
			<key>name</key>
			<string>Debug</string>
		</dict>
		<key>3424B6211852206A00E9B739</key>
		<dict>
			<key>buildSettings</key>
			<dict>
				<key>ALWAYS_SEARCH_USER_PATHS</key>
				<string>NO</string>
				<key>ARCHS</key>
				<string>$(ARCHS_STANDARD_INCLUDING_64_BIT)</string>
				<key>CLANG_CXX_LANGUAGE_STANDARD</key>
				<string>gnu++0x</string>
				<key>CLANG_CXX_LIBRARY</key>
				<string>libc++</string>
				<key>CLANG_ENABLE_MODULES</key>
				<string>YES</string>
				<key>CLANG_ENABLE_OBJC_ARC</key>
				<string>YES</string>
				<key>CLANG_WARN_BOOL_CONVERSION</key>
				<string>YES</string>
				<key>CLANG_WARN_CONSTANT_CONVERSION</key>
				<string>YES</string>
				<key>CLANG_WARN_DIRECT_OBJC_ISA_USAGE</key>
				<string>YES_ERROR</string>
				<key>CLANG_WARN_EMPTY_BODY</key>
				<string>YES</string>
				<key>CLANG_WARN_ENUM_CONVERSION</key>
				<string>YES</string>
				<key>CLANG_WARN_INT_CONVERSION</key>
				<string>YES</string>
				<key>CLANG_WARN_OBJC_ROOT_CLASS</key>
				<string>YES_ERROR</string>
				<key>CLANG_WARN__DUPLICATE_METHOD_MATCH</key>
				<string>YES</string>
				<key>CODE_SIGN_IDENTITY[sdk=iphoneos*]</key>
				<string>iPhone Developer</string>
				<key>COPY_PHASE_STRIP</key>
				<string>YES</string>
				<key>ENABLE_NS_ASSERTIONS</key>
				<string>NO</string>
				<key>GCC_C_LANGUAGE_STANDARD</key>
				<string>gnu99</string>
				<key>GCC_WARN_64_TO_32_BIT_CONVERSION</key>
				<string>YES</string>
				<key>GCC_WARN_ABOUT_RETURN_TYPE</key>
				<string>YES_ERROR</string>
				<key>GCC_WARN_UNDECLARED_SELECTOR</key>
				<string>YES</string>
				<key>GCC_WARN_UNINITIALIZED_AUTOS</key>
				<string>YES</string>
				<key>GCC_WARN_UNUSED_FUNCTION</key>
				<string>YES</string>
				<key>GCC_WARN_UNUSED_VARIABLE</key>
				<string>YES</string>
				<key>IPHONEOS_DEPLOYMENT_TARGET</key>
				<string>7.0</string>
				<key>SDKROOT</key>
				<string>iphoneos</string>
				<key>VALIDATE_PRODUCT</key>
				<string>YES</string>
			</dict>
			<key>isa</key>
			<string>XCBuildConfiguration</string>
			<key>name</key>
			<string>Release</string>
		</dict>
		<key>3424B6221852206A00E9B739</key>
		<dict>
			<key>buildConfigurations</key>
			<array>
				<string>3424B6231852206A00E9B739</string>
				<string>3424B6241852206A00E9B739</string>
			</array>
			<key>defaultConfigurationIsVisible</key>
			<string>0</string>
			<key>isa</key>
			<string>XCConfigurationList</string>
		</dict>
		<key>3424B6231852206A00E9B739</key>
		<dict>
			<key>baseConfigurationReference</key>
			<string>C04F9E300A564B69AD58676D</string>
			<key>buildSettings</key>
			<dict>
				<key>ASSETCATALOG_COMPILER_APPICON_NAME</key>
				<string>AppIcon</string>
				<key>ASSETCATALOG_COMPILER_LAUNCHIMAGE_NAME</key>
				<string>LaunchImage</string>
				<key>GCC_PRECOMPILE_PREFIX_HEADER</key>
				<string>YES</string>
				<key>GCC_PREFIX_HEADER</key>
				<string>Tumblrbot/Tumblrbot-Prefix.pch</string>
				<key>INFOPLIST_FILE</key>
				<string>Tumblrbot/Tumblrbot-Info.plist</string>
				<key>PRODUCT_NAME</key>
				<string>$(TARGET_NAME)</string>
				<key>WRAPPER_EXTENSION</key>
				<string>app</string>
			</dict>
			<key>isa</key>
			<string>XCBuildConfiguration</string>
			<key>name</key>
			<string>Debug</string>
		</dict>
		<key>3424B6241852206A00E9B739</key>
		<dict>
			<key>baseConfigurationReference</key>
			<string>C04F9E300A564B69AD58676D</string>
			<key>buildSettings</key>
			<dict>
				<key>ASSETCATALOG_COMPILER_APPICON_NAME</key>
				<string>AppIcon</string>
				<key>ASSETCATALOG_COMPILER_LAUNCHIMAGE_NAME</key>
				<string>LaunchImage</string>
				<key>GCC_PRECOMPILE_PREFIX_HEADER</key>
				<string>YES</string>
				<key>GCC_PREFIX_HEADER</key>
				<string>Tumblrbot/Tumblrbot-Prefix.pch</string>
				<key>INFOPLIST_FILE</key>
				<string>Tumblrbot/Tumblrbot-Info.plist</string>
				<key>PRODUCT_NAME</key>
				<string>$(TARGET_NAME)</string>
				<key>WRAPPER_EXTENSION</key>
				<string>app</string>
			</dict>
			<key>isa</key>
			<string>XCBuildConfiguration</string>
			<key>name</key>
			<string>Release</string>
		</dict>
		<key>3424B6251852206A00E9B739</key>
		<dict>
			<key>buildConfigurations</key>
			<array>
				<string>3424B6261852206A00E9B739</string>
				<string>3424B6271852206A00E9B739</string>
			</array>
			<key>defaultConfigurationIsVisible</key>
			<string>0</string>
			<key>isa</key>
			<string>XCConfigurationList</string>
		</dict>
		<key>3424B6261852206A00E9B739</key>
		<dict>
			<key>buildSettings</key>
			<dict>
				<key>ARCHS</key>
				<string>$(ARCHS_STANDARD_INCLUDING_64_BIT)</string>
				<key>BUNDLE_LOADER</key>
				<string>$(BUILT_PRODUCTS_DIR)/Tumblrbot.app/Tumblrbot</string>
				<key>FRAMEWORK_SEARCH_PATHS</key>
				<array>
					<string>$(SDKROOT)/Developer/Library/Frameworks</string>
					<string>$(inherited)</string>
					<string>$(DEVELOPER_FRAMEWORKS_DIR)</string>
				</array>
				<key>GCC_PRECOMPILE_PREFIX_HEADER</key>
				<string>YES</string>
				<key>GCC_PREFIX_HEADER</key>
				<string>Tumblrbot/Tumblrbot-Prefix.pch</string>
				<key>GCC_PREPROCESSOR_DEFINITIONS</key>
				<array>
					<string>DEBUG=1</string>
					<string>$(inherited)</string>
				</array>
				<key>INFOPLIST_FILE</key>
				<string>TumblrbotTests/TumblrbotTests-Info.plist</string>
				<key>PRODUCT_NAME</key>
				<string>$(TARGET_NAME)</string>
				<key>TEST_HOST</key>
				<string>$(BUNDLE_LOADER)</string>
				<key>WRAPPER_EXTENSION</key>
				<string>xctest</string>
			</dict>
			<key>isa</key>
			<string>XCBuildConfiguration</string>
			<key>name</key>
			<string>Debug</string>
		</dict>
		<key>3424B6271852206A00E9B739</key>
		<dict>
			<key>buildSettings</key>
			<dict>
				<key>ARCHS</key>
				<string>$(ARCHS_STANDARD_INCLUDING_64_BIT)</string>
				<key>BUNDLE_LOADER</key>
				<string>$(BUILT_PRODUCTS_DIR)/Tumblrbot.app/Tumblrbot</string>
				<key>FRAMEWORK_SEARCH_PATHS</key>
				<array>
					<string>$(SDKROOT)/Developer/Library/Frameworks</string>
					<string>$(inherited)</string>
					<string>$(DEVELOPER_FRAMEWORKS_DIR)</string>
				</array>
				<key>GCC_PRECOMPILE_PREFIX_HEADER</key>
				<string>YES</string>
				<key>GCC_PREFIX_HEADER</key>
				<string>Tumblrbot/Tumblrbot-Prefix.pch</string>
				<key>INFOPLIST_FILE</key>
				<string>TumblrbotTests/TumblrbotTests-Info.plist</string>
				<key>PRODUCT_NAME</key>
				<string>$(TARGET_NAME)</string>
				<key>TEST_HOST</key>
				<string>$(BUNDLE_LOADER)</string>
				<key>WRAPPER_EXTENSION</key>
				<string>xctest</string>
			</dict>
			<key>isa</key>
			<string>XCBuildConfiguration</string>
			<key>name</key>
			<string>Release</string>
		</dict>
		<key>66FB4E89C57845F9BD36ADCA</key>
		<dict>
			<key>explicitFileType</key>
			<string>archive.ar</string>
			<key>includeInIndex</key>
			<string>0</string>
			<key>isa</key>
			<string>PBXFileReference</string>
			<key>path</key>
			<string>libPods.a</string>
			<key>sourceTree</key>
			<string>BUILT_PRODUCTS_DIR</string>
		</dict>
		<key>A65E1E632B1F4039846D33C7</key>
		<dict>
			<key>buildActionMask</key>
			<string>2147483647</string>
			<key>files</key>
			<array/>
			<key>inputPaths</key>
			<array/>
			<key>isa</key>
			<string>PBXShellScriptBuildPhase</string>
			<key>name</key>
			<string>Copy Pods Resources</string>
			<key>outputPaths</key>
			<array/>
			<key>runOnlyForDeploymentPostprocessing</key>
			<string>0</string>
			<key>shellPath</key>
			<string>/bin/sh</string>
			<key>shellScript</key>
			<string>"${SRCROOT}/Pods/Pods-resources.sh"
</string>
			<key>showEnvVarsInLog</key>
			<string>0</string>
		</dict>
		<key>BFC1BED3E48C403D99D65F82</key>
		<dict>
			<key>fileRef</key>
			<string>66FB4E89C57845F9BD36ADCA</string>
			<key>isa</key>
			<string>PBXBuildFile</string>
		</dict>
		<key>C04F9E300A564B69AD58676D</key>
		<dict>
			<key>includeInIndex</key>
			<string>1</string>
			<key>isa</key>
			<string>PBXFileReference</string>
			<key>lastKnownFileType</key>
			<string>text.xcconfig</string>
			<key>name</key>
			<string>Pods.xcconfig</string>
			<key>path</key>
			<string>Pods/Pods.xcconfig</string>
			<key>sourceTree</key>
			<string>&lt;group&gt;</string>
		</dict>
		<key>FBC3B1EFE7F74D77A6A4FAAC</key>
		<dict>
			<key>buildActionMask</key>
			<string>2147483647</string>
			<key>files</key>
			<array/>
			<key>inputPaths</key>
			<array/>
			<key>isa</key>
			<string>PBXShellScriptBuildPhase</string>
			<key>name</key>
			<string>Check Pods Manifest.lock</string>
			<key>outputPaths</key>
			<array/>
			<key>runOnlyForDeploymentPostprocessing</key>
			<string>0</string>
			<key>shellPath</key>
			<string>/bin/sh</string>
			<key>shellScript</key>
			<string>diff "${PODS_ROOT}/../Podfile.lock" "${PODS_ROOT}/Manifest.lock" &gt; /dev/null
if [[ $? != 0 ]] ; then
    cat &lt;&lt; EOM
error: The sandbox is not in sync with the Podfile.lock. Run 'pod install' or update your CocoaPods installation.
EOM
    exit 1
fi
</string>
			<key>showEnvVarsInLog</key>
			<string>0</string>
		</dict>
	</dict>
	<key>rootObject</key>
	<string>3424B5E81852206900E9B739</string>
</dict>
</plist>
